
Microsoft Visual Studio Solution File, Format Version 12.00
# Visual Studio Version 16
VisualStudioVersion = 16.0.30503.244
MinimumVisualStudioVersion = 10.0.40219.1
Project("{FAE04EC0-301F-11D3-BF4B-00C04F79EFBC}") = "MongoAndCore", "MongoAndCore\MongoAndCore.csproj", "{846339F1-3A47-4B7E-B1F7-418BBBFAF05A}"
EndProject
Global
	GlobalSection(SolutionConfigurationPlatforms) = preSolution
		Debug|Any CPU = Debug|Any CPU
		Release|Any CPU = Release|Any CPU
	EndGlobalSection
	GlobalSection(ProjectConfigurationPlatforms) = postSolution
		{846339F1-3A47-4B7E-B1F7-418BBBFAF05A}.Debug|Any CPU.ActiveCfg = Debug|Any CPU
		{846339F1-3A47-4B7E-B1F7-418BBBFAF05A}.Debug|Any CPU.Build.0 = Debug|Any CPU
		{846339F1-3A47-4B7E-B1F7-418BBBFAF05A}.Release|Any CPU.ActiveCfg = Release|Any CPU
		{846339F1-3A47-4B7E-B1F7-418BBBFAF05A}.Release|Any CPU.Build.0 = Release|Any CPU
	EndGlobalSection
	GlobalSection(SolutionProperties) = preSolution
		HideSolutionNode = FALSE
	EndGlobalSection
	GlobalSection(ExtensibilityGlobals) = postSolution
		SolutionGuid = {48095E03-7C93-452B-AA66-2C724FCF4BBC}
	EndGlobalSection
EndGlobal
